
Microsoft Visual Studio Solution File, Format Version 12.00
# Visual Studio Version 16
VisualStudioVersion = 16.0.30523.141
MinimumVisualStudioVersion = 10.0.40219.1
Project("{FAE04EC0-301F-11D3-BF4B-00C04F79EFBC}") = "Rusu_Maria_Smaranda_Lab5", "Rusu_Maria_Smaranda_Lab5.csproj", "{585110D9-DBAE-407B-9387-1E5A91EF4AF6}"
EndProject
Global
	GlobalSection(SolutionConfigurationPlatforms) = preSolution
		Debug|Any CPU = Debug|Any CPU
		Release|Any CPU = Release|Any CPU
	EndGlobalSection
	GlobalSection(ProjectConfigurationPlatforms) = postSolution
		{585110D9-DBAE-407B-9387-1E5A91EF4AF6}.Debug|Any CPU.ActiveCfg = Debug|Any CPU
		{585110D9-DBAE-407B-9387-1E5A91EF4AF6}.Debug|Any CPU.Build.0 = Debug|Any CPU
		{585110D9-DBAE-407B-9387-1E5A91EF4AF6}.Release|Any CPU.ActiveCfg = Release|Any CPU
		{585110D9-DBAE-407B-9387-1E5A91EF4AF6}.Release|Any CPU.Build.0 = Release|Any CPU
	EndGlobalSection
	GlobalSection(SolutionProperties) = preSolution
		HideSolutionNode = FALSE
	EndGlobalSection
	GlobalSection(ExtensibilityGlobals) = postSolution
		SolutionGuid = {C2D1643F-049C-4E45-9FCB-EEEA30DFB94A}
	EndGlobalSection
EndGlobal
